// !$*UTF8*$!
{
	archiveVersion = 1;
	classes = {
	};
	objectVersion = 55;
	objects = {

/* Begin PBXBuildFile section */
		0B1C50C9292F749C00BAFE9F /* DetailedRecipeVC.swift in Sources */ = {isa = PBXBuildFile; fileRef = 0B1C50C8292F749C00BAFE9F /* DetailedRecipeVC.swift */; };
		0B271BE429269597000AAB22 /* RecipesCollectionVC.swift in Sources */ = {isa = PBXBuildFile; fileRef = 0B271BE329269597000AAB22 /* RecipesCollectionVC.swift */; };
		0B271BE829269627000AAB22 /* CategoryTableVC.swift in Sources */ = {isa = PBXBuildFile; fileRef = 0B271BE729269627000AAB22 /* CategoryTableVC.swift */; };
		0B271BF0292696E8000AAB22 /* ShoppingListTableVC.swift in Sources */ = {isa = PBXBuildFile; fileRef = 0B271BEF292696E8000AAB22 /* ShoppingListTableVC.swift */; };
		0B271BF429269736000AAB22 /* FavoritesCollectionVC.swift in Sources */ = {isa = PBXBuildFile; fileRef = 0B271BF329269736000AAB22 /* FavoritesCollectionVC.swift */; };
		0B4A9702292C9E7F007185A7 /* RecipeCollectionViewCell.swift in Sources */ = {isa = PBXBuildFile; fileRef = 0B4A9701292C9E7F007185A7 /* RecipeCollectionViewCell.swift */; };
		0BB7747429233FD9001F30C6 /* AppDelegate.swift in Sources */ = {isa = PBXBuildFile; fileRef = 0BB7747329233FD9001F30C6 /* AppDelegate.swift */; };
		0BB7747629233FD9001F30C6 /* SceneDelegate.swift in Sources */ = {isa = PBXBuildFile; fileRef = 0BB7747529233FD9001F30C6 /* SceneDelegate.swift */; };
		0BB7747E29233FD9001F30C6 /* RecipeApp.xcdatamodeld in Sources */ = {isa = PBXBuildFile; fileRef = 0BB7747C29233FD9001F30C6 /* RecipeApp.xcdatamodeld */; };
		0BB7748029233FDA001F30C6 /* Assets.xcassets in Resources */ = {isa = PBXBuildFile; fileRef = 0BB7747F29233FDA001F30C6 /* Assets.xcassets */; };
		0BB7748329233FDA001F30C6 /* LaunchScreen.storyboard in Resources */ = {isa = PBXBuildFile; fileRef = 0BB7748129233FDA001F30C6 /* LaunchScreen.storyboard */; };
		0BD6BF9D292E8E1300B03182 /* RecipeStr.swift in Sources */ = {isa = PBXBuildFile; fileRef = 0BD6BF9C292E8E1300B03182 /* RecipeStr.swift */; };
		0BDFE0342926B7AD0085CEE5 /* TabBarVC.swift in Sources */ = {isa = PBXBuildFile; fileRef = 0BDFE0332926B7AD0085CEE5 /* TabBarVC.swift */; };
		0BDFE0362926BFEC0085CEE5 /* UIColorExtention.swift in Sources */ = {isa = PBXBuildFile; fileRef = 0BDFE0352926BFEC0085CEE5 /* UIColorExtention.swift */; };
		A41030F9494315C8814FDB5B /* Pods_RecipeApp.framework in Frameworks */ = {isa = PBXBuildFile; fileRef = DBDA506360254E0EAEB7373D /* Pods_RecipeApp.framework */; };
/* End PBXBuildFile section */

/* Begin PBXFileReference section */
		0B1C50C8292F749C00BAFE9F /* DetailedRecipeVC.swift */ = {isa = PBXFileReference; lastKnownFileType = sourcecode.swift; path = DetailedRecipeVC.swift; sourceTree = "<group>"; };
		0B271BE329269597000AAB22 /* RecipesCollectionVC.swift */ = {isa = PBXFileReference; lastKnownFileType = sourcecode.swift; path = RecipesCollectionVC.swift; sourceTree = "<group>"; };
		0B271BE729269627000AAB22 /* CategoryTableVC.swift */ = {isa = PBXFileReference; lastKnownFileType = sourcecode.swift; path = CategoryTableVC.swift; sourceTree = "<group>"; };
		0B271BEF292696E8000AAB22 /* ShoppingListTableVC.swift */ = {isa = PBXFileReference; lastKnownFileType = sourcecode.swift; path = ShoppingListTableVC.swift; sourceTree = "<group>"; };
		0B271BF329269736000AAB22 /* FavoritesCollectionVC.swift */ = {isa = PBXFileReference; lastKnownFileType = sourcecode.swift; path = FavoritesCollectionVC.swift; sourceTree = "<group>"; };
		0B4A9701292C9E7F007185A7 /* RecipeCollectionViewCell.swift */ = {isa = PBXFileReference; lastKnownFileType = sourcecode.swift; path = RecipeCollectionViewCell.swift; sourceTree = "<group>"; };
		0BB7747029233FD9001F30C6 /* RecipeApp.app */ = {isa = PBXFileReference; explicitFileType = wrapper.application; includeInIndex = 0; path = RecipeApp.app; sourceTree = BUILT_PRODUCTS_DIR; };
		0BB7747329233FD9001F30C6 /* AppDelegate.swift */ = {isa = PBXFileReference; lastKnownFileType = sourcecode.swift; path = AppDelegate.swift; sourceTree = "<group>"; };
		0BB7747529233FD9001F30C6 /* SceneDelegate.swift */ = {isa = PBXFileReference; lastKnownFileType = sourcecode.swift; path = SceneDelegate.swift; sourceTree = "<group>"; };
		0BB7747D29233FD9001F30C6 /* RecipeApp.xcdatamodel */ = {isa = PBXFileReference; lastKnownFileType = wrapper.xcdatamodel; path = RecipeApp.xcdatamodel; sourceTree = "<group>"; };
		0BB7747F29233FDA001F30C6 /* Assets.xcassets */ = {isa = PBXFileReference; lastKnownFileType = folder.assetcatalog; path = Assets.xcassets; sourceTree = "<group>"; };
		0BB7748229233FDA001F30C6 /* Base */ = {isa = PBXFileReference; lastKnownFileType = file.storyboard; name = Base; path = Base.lproj/LaunchScreen.storyboard; sourceTree = "<group>"; };
		0BB7748429233FDA001F30C6 /* Info.plist */ = {isa = PBXFileReference; lastKnownFileType = text.plist.xml; path = Info.plist; sourceTree = "<group>"; };
		0BD6BF9C292E8E1300B03182 /* RecipeStr.swift */ = {isa = PBXFileReference; lastKnownFileType = sourcecode.swift; path = RecipeStr.swift; sourceTree = "<group>"; };
		0BDFE0332926B7AD0085CEE5 /* TabBarVC.swift */ = {isa = PBXFileReference; lastKnownFileType = sourcecode.swift; path = TabBarVC.swift; sourceTree = "<group>"; };
		0BDFE0352926BFEC0085CEE5 /* UIColorExtention.swift */ = {isa = PBXFileReference; lastKnownFileType = sourcecode.swift; path = UIColorExtention.swift; sourceTree = "<group>"; };
		16C1F0906411488EB95C252F /* Pods-RecipeApp.release.xcconfig */ = {isa = PBXFileReference; includeInIndex = 1; lastKnownFileType = text.xcconfig; name = "Pods-RecipeApp.release.xcconfig"; path = "Target Support Files/Pods-RecipeApp/Pods-RecipeApp.release.xcconfig"; sourceTree = "<group>"; };
		86D8571FD17C4B76FD733A97 /* Pods-RecipeApp.debug.xcconfig */ = {isa = PBXFileReference; includeInIndex = 1; lastKnownFileType = text.xcconfig; name = "Pods-RecipeApp.debug.xcconfig"; path = "Target Support Files/Pods-RecipeApp/Pods-RecipeApp.debug.xcconfig"; sourceTree = "<group>"; };
		DBDA506360254E0EAEB7373D /* Pods_RecipeApp.framework */ = {isa = PBXFileReference; explicitFileType = wrapper.framework; includeInIndex = 0; path = Pods_RecipeApp.framework; sourceTree = BUILT_PRODUCTS_DIR; };
/* End PBXFileReference section */

/* Begin PBXFrameworksBuildPhase section */
		0BB7746D29233FD9001F30C6 /* Frameworks */ = {
			isa = PBXFrameworksBuildPhase;
			buildActionMask = 2147483647;
			files = (
				A41030F9494315C8814FDB5B /* Pods_RecipeApp.framework in Frameworks */,
			);
			runOnlyForDeploymentPostprocessing = 0;
		};
/* End PBXFrameworksBuildPhase section */

/* Begin PBXGroup section */
		0B271BE6292695C9000AAB22 /* RecipePage */ = {
			isa = PBXGroup;
			children = (
				0B271BE329269597000AAB22 /* RecipesCollectionVC.swift */,
				0B1C50C8292F749C00BAFE9F /* DetailedRecipeVC.swift */,
				0B4A9701292C9E7F007185A7 /* RecipeCollectionViewCell.swift */,
				0BD6BF9C292E8E1300B03182 /* RecipeStr.swift */,
			);
			path = RecipePage;
			sourceTree = "<group>";
		};
		0B271BE92926962F000AAB22 /* CategotyPage */ = {
			isa = PBXGroup;
			children = (
				0B271BE729269627000AAB22 /* CategoryTableVC.swift */,
			);
			path = CategotyPage;
			sourceTree = "<group>";
		};
		0B271BEA292696AB000AAB22 /* ShoppingListPage */ = {
			isa = PBXGroup;
			children = (
				0B271BEF292696E8000AAB22 /* ShoppingListTableVC.swift */,
			);
			path = ShoppingListPage;
			sourceTree = "<group>";
		};
		0B271BF22926970D000AAB22 /* FavoritesPage */ = {
			isa = PBXGroup;
			children = (
				0B271BF329269736000AAB22 /* FavoritesCollectionVC.swift */,
			);
			path = FavoritesPage;
			sourceTree = "<group>";
		};
		0BB7746729233FD9001F30C6 = {
			isa = PBXGroup;
			children = (
				0BB7747229233FD9001F30C6 /* RecipeApp */,
				0BB7747129233FD9001F30C6 /* Products */,
				2361C0FD7AD877FED143E423 /* Pods */,
				C719493F07E5CBC8366FAEAD /* Frameworks */,
			);
			sourceTree = "<group>";
		};
		0BB7747129233FD9001F30C6 /* Products */ = {
			isa = PBXGroup;
			children = (
				0BB7747029233FD9001F30C6 /* RecipeApp.app */,
			);
			name = Products;
			sourceTree = "<group>";
		};
		0BB7747229233FD9001F30C6 /* RecipeApp */ = {
			isa = PBXGroup;
			children = (
				0BB7747329233FD9001F30C6 /* AppDelegate.swift */,
				0BB7747529233FD9001F30C6 /* SceneDelegate.swift */,
				0BB7747F29233FDA001F30C6 /* Assets.xcassets */,
				0BB7747C29233FD9001F30C6 /* RecipeApp.xcdatamodeld */,
				0BB7748129233FDA001F30C6 /* LaunchScreen.storyboard */,
				0BDFE0332926B7AD0085CEE5 /* TabBarVC.swift */,
				0BDFE0352926BFEC0085CEE5 /* UIColorExtention.swift */,
				0B271BE6292695C9000AAB22 /* RecipePage */,
				0B271BE92926962F000AAB22 /* CategotyPage */,
				0B271BEA292696AB000AAB22 /* ShoppingListPage */,
				0B271BF22926970D000AAB22 /* FavoritesPage */,
				0BB7748429233FDA001F30C6 /* Info.plist */,
			);
			path = RecipeApp;
			sourceTree = "<group>";
		};
		2361C0FD7AD877FED143E423 /* Pods */ = {
			isa = PBXGroup;
			children = (
				86D8571FD17C4B76FD733A97 /* Pods-RecipeApp.debug.xcconfig */,
				16C1F0906411488EB95C252F /* Pods-RecipeApp.release.xcconfig */,
			);
			path = Pods;
			sourceTree = "<group>";
		};
		C719493F07E5CBC8366FAEAD /* Frameworks */ = {
			isa = PBXGroup;
			children = (
				DBDA506360254E0EAEB7373D /* Pods_RecipeApp.framework */,
			);
			name = Frameworks;
			sourceTree = "<group>";
		};
/* End PBXGroup section */

/* Begin PBXNativeTarget section */
		0BB7746F29233FD9001F30C6 /* RecipeApp */ = {
			isa = PBXNativeTarget;
			buildConfigurationList = 0BB7748729233FDA001F30C6 /* Build configuration list for PBXNativeTarget "RecipeApp" */;
			buildPhases = (
				D29D0BD68578C3AEF0090D7C /* [CP] Check Pods Manifest.lock */,
				0BB7746C29233FD9001F30C6 /* Sources */,
				0BB7746D29233FD9001F30C6 /* Frameworks */,
				0BB7746E29233FD9001F30C6 /* Resources */,
				F9CB2FA9559D44868618E503 /* [CP] Embed Pods Frameworks */,
			);
			buildRules = (
			);
			dependencies = (
			);
			name = RecipeApp;
			productName = RecipeApp;
			productReference = 0BB7747029233FD9001F30C6 /* RecipeApp.app */;
			productType = "com.apple.product-type.application";
		};
/* End PBXNativeTarget section */

/* Begin PBXProject section */
		0BB7746829233FD9001F30C6 /* Project object */ = {
			isa = PBXProject;
			attributes = {
				BuildIndependentTargetsInParallel = 1;
				LastSwiftUpdateCheck = 1340;
				LastUpgradeCheck = 1340;
				TargetAttributes = {
					0BB7746F29233FD9001F30C6 = {
						CreatedOnToolsVersion = 13.4.1;
					};
				};
			};
			buildConfigurationList = 0BB7746B29233FD9001F30C6 /* Build configuration list for PBXProject "RecipeApp" */;
			compatibilityVersion = "Xcode 13.0";
			developmentRegion = en;
			hasScannedForEncodings = 0;
			knownRegions = (
				en,
				Base,
			);
			mainGroup = 0BB7746729233FD9001F30C6;
			productRefGroup = 0BB7747129233FD9001F30C6 /* Products */;
			projectDirPath = "";
			projectRoot = "";
			targets = (
				0BB7746F29233FD9001F30C6 /* RecipeApp */,
			);
		};
/* End PBXProject section */

/* Begin PBXResourcesBuildPhase section */
		0BB7746E29233FD9001F30C6 /* Resources */ = {
			isa = PBXResourcesBuildPhase;
			buildActionMask = 2147483647;
			files = (
				0BB7748329233FDA001F30C6 /* LaunchScreen.storyboard in Resources */,
				0BB7748029233FDA001F30C6 /* Assets.xcassets in Resources */,
			);
			runOnlyForDeploymentPostprocessing = 0;
		};
/* End PBXResourcesBuildPhase section */

/* Begin PBXShellScriptBuildPhase section */
		D29D0BD68578C3AEF0090D7C /* [CP] Check Pods Manifest.lock */ = {
			isa = PBXShellScriptBuildPhase;
			buildActionMask = 2147483647;
			files = (
			);
			inputFileListPaths = (
			);
			inputPaths = (
				"${PODS_PODFILE_DIR_PATH}/Podfile.lock",
				"${PODS_ROOT}/Manifest.lock",
			);
			name = "[CP] Check Pods Manifest.lock";
			outputFileListPaths = (
			);
			outputPaths = (
				"$(DERIVED_FILE_DIR)/Pods-RecipeApp-checkManifestLockResult.txt",
			);
			runOnlyForDeploymentPostprocessing = 0;
			shellPath = /bin/sh;
			shellScript = "diff \"${PODS_PODFILE_DIR_PATH}/Podfile.lock\" \"${PODS_ROOT}/Manifest.lock\" > /dev/null\nif [ $? != 0 ] ; then\n    # print error to STDERR\n    echo \"error: The sandbox is not in sync with the Podfile.lock. Run 'pod install' or update your CocoaPods installation.\" >&2\n    exit 1\nfi\n# This output is used by Xcode 'outputs' to avoid re-running this script phase.\necho \"SUCCESS\" > \"${SCRIPT_OUTPUT_FILE_0}\"\n";
			showEnvVarsInLog = 0;
		};
		F9CB2FA9559D44868618E503 /* [CP] Embed Pods Frameworks */ = {
			isa = PBXShellScriptBuildPhase;
			buildActionMask = 2147483647;
			files = (
			);
			inputFileListPaths = (
				"${PODS_ROOT}/Target Support Files/Pods-RecipeApp/Pods-RecipeApp-frameworks-${CONFIGURATION}-input-files.xcfilelist",
			);
			name = "[CP] Embed Pods Frameworks";
			outputFileListPaths = (
				"${PODS_ROOT}/Target Support Files/Pods-RecipeApp/Pods-RecipeApp-frameworks-${CONFIGURATION}-output-files.xcfilelist",
			);
			runOnlyForDeploymentPostprocessing = 0;
			shellPath = /bin/sh;
			shellScript = "\"${PODS_ROOT}/Target Support Files/Pods-RecipeApp/Pods-RecipeApp-frameworks.sh\"\n";
			showEnvVarsInLog = 0;
		};
/* End PBXShellScriptBuildPhase section */

/* Begin PBXSourcesBuildPhase section */
		0BB7746C29233FD9001F30C6 /* Sources */ = {
			isa = PBXSourcesBuildPhase;
			buildActionMask = 2147483647;
			files = (
				0B271BF0292696E8000AAB22 /* ShoppingListTableVC.swift in Sources */,
				0BB7747429233FD9001F30C6 /* AppDelegate.swift in Sources */,
				0B4A9702292C9E7F007185A7 /* RecipeCollectionViewCell.swift in Sources */,
				0B271BE829269627000AAB22 /* CategoryTableVC.swift in Sources */,
				0BB7747629233FD9001F30C6 /* SceneDelegate.swift in Sources */,
				0B271BE429269597000AAB22 /* RecipesCollectionVC.swift in Sources */,
				0B1C50C9292F749C00BAFE9F /* DetailedRecipeVC.swift in Sources */,
				0BB7747E29233FD9001F30C6 /* RecipeApp.xcdatamodeld in Sources */,
				0BDFE0342926B7AD0085CEE5 /* TabBarVC.swift in Sources */,
				0B271BF429269736000AAB22 /* FavoritesCollectionVC.swift in Sources */,
				0BDFE0362926BFEC0085CEE5 /* UIColorExtention.swift in Sources */,
				0BD6BF9D292E8E1300B03182 /* RecipeStr.swift in Sources */,
			);
			runOnlyForDeploymentPostprocessing = 0;
		};
/* End PBXSourcesBuildPhase section */

/* Begin PBXVariantGroup section */
		0BB7748129233FDA001F30C6 /* LaunchScreen.storyboard */ = {
			isa = PBXVariantGroup;
			children = (
				0BB7748229233FDA001F30C6 /* Base */,
			);
			name = LaunchScreen.storyboard;
			sourceTree = "<group>";
		};
/* End PBXVariantGroup section */

/* Begin XCBuildConfiguration section */
		0BB7748529233FDA001F30C6 /* Debug */ = {
			isa = XCBuildConfiguration;
			buildSettings = {
				ALWAYS_SEARCH_USER_PATHS = NO;
				CLANG_ANALYZER_NONNULL = YES;
				CLANG_ANALYZER_NUMBER_OBJECT_CONVERSION = YES_AGGRESSIVE;
				CLANG_CXX_LANGUAGE_STANDARD = "gnu++17";
				CLANG_ENABLE_MODULES = YES;
				CLANG_ENABLE_OBJC_ARC = YES;
				CLANG_ENABLE_OBJC_WEAK = YES;
				CLANG_WARN_BLOCK_CAPTURE_AUTORELEASING = YES;
				CLANG_WARN_BOOL_CONVERSION = YES;
				CLANG_WARN_COMMA = YES;
				CLANG_WARN_CONSTANT_CONVERSION = YES;
				CLANG_WARN_DEPRECATED_OBJC_IMPLEMENTATIONS = YES;
				CLANG_WARN_DIRECT_OBJC_ISA_USAGE = YES_ERROR;
				CLANG_WARN_DOCUMENTATION_COMMENTS = YES;
				CLANG_WARN_EMPTY_BODY = YES;
				CLANG_WARN_ENUM_CONVERSION = YES;
				CLANG_WARN_INFINITE_RECURSION = YES;
				CLANG_WARN_INT_CONVERSION = YES;
				CLANG_WARN_NON_LITERAL_NULL_CONVERSION = YES;
				CLANG_WARN_OBJC_IMPLICIT_RETAIN_SELF = YES;
				CLANG_WARN_OBJC_LITERAL_CONVERSION = YES;
				CLANG_WARN_OBJC_ROOT_CLASS = YES_ERROR;
				CLANG_WARN_QUOTED_INCLUDE_IN_FRAMEWORK_HEADER = YES;
				CLANG_WARN_RANGE_LOOP_ANALYSIS = YES;
				CLANG_WARN_STRICT_PROTOTYPES = YES;
				CLANG_WARN_SUSPICIOUS_MOVE = YES;
				CLANG_WARN_UNGUARDED_AVAILABILITY = YES_AGGRESSIVE;
				CLANG_WARN_UNREACHABLE_CODE = YES;
				CLANG_WARN__DUPLICATE_METHOD_MATCH = YES;
				COPY_PHASE_STRIP = NO;
				DEBUG_INFORMATION_FORMAT = dwarf;
				ENABLE_STRICT_OBJC_MSGSEND = YES;
				ENABLE_TESTABILITY = YES;
				GCC_C_LANGUAGE_STANDARD = gnu11;
				GCC_DYNAMIC_NO_PIC = NO;
				GCC_NO_COMMON_BLOCKS = YES;
				GCC_OPTIMIZATION_LEVEL = 0;
				GCC_PREPROCESSOR_DEFINITIONS = (
					"DEBUG=1",
					"$(inherited)",
				);
				GCC_WARN_64_TO_32_BIT_CONVERSION = YES;
				GCC_WARN_ABOUT_RETURN_TYPE = YES_ERROR;
				GCC_WARN_UNDECLARED_SELECTOR = YES;
				GCC_WARN_UNINITIALIZED_AUTOS = YES_AGGRESSIVE;
				GCC_WARN_UNUSED_FUNCTION = YES;
				GCC_WARN_UNUSED_VARIABLE = YES;
				IPHONEOS_DEPLOYMENT_TARGET = 15.5;
				MTL_ENABLE_DEBUG_INFO = INCLUDE_SOURCE;
				MTL_FAST_MATH = YES;
				ONLY_ACTIVE_ARCH = YES;
				SDKROOT = iphoneos;
				SWIFT_ACTIVE_COMPILATION_CONDITIONS = DEBUG;
				SWIFT_OPTIMIZATION_LEVEL = "-Onone";
			};
			name = Debug;
		};
		0BB7748629233FDA001F30C6 /* Release */ = {
			isa = XCBuildConfiguration;
			buildSettings = {
				ALWAYS_SEARCH_USER_PATHS = NO;
				CLANG_ANALYZER_NONNULL = YES;
				CLANG_ANALYZER_NUMBER_OBJECT_CONVERSION = YES_AGGRESSIVE;
				CLANG_CXX_LANGUAGE_STANDARD = "gnu++17";
				CLANG_ENABLE_MODULES = YES;
				CLANG_ENABLE_OBJC_ARC = YES;
				CLANG_ENABLE_OBJC_WEAK = YES;
				CLANG_WARN_BLOCK_CAPTURE_AUTORELEASING = YES;
				CLANG_WARN_BOOL_CONVERSION = YES;
				CLANG_WARN_COMMA = YES;
				CLANG_WARN_CONSTANT_CONVERSION = YES;
				CLANG_WARN_DEPRECATED_OBJC_IMPLEMENTATIONS = YES;
				CLANG_WARN_DIRECT_OBJC_ISA_USAGE = YES_ERROR;
				CLANG_WARN_DOCUMENTATION_COMMENTS = YES;
				CLANG_WARN_EMPTY_BODY = YES;
				CLANG_WARN_ENUM_CONVERSION = YES;
				CLANG_WARN_INFINITE_RECURSION = YES;
				CLANG_WARN_INT_CONVERSION = YES;
				CLANG_WARN_NON_LITERAL_NULL_CONVERSION = YES;
				CLANG_WARN_OBJC_IMPLICIT_RETAIN_SELF = YES;
				CLANG_WARN_OBJC_LITERAL_CONVERSION = YES;
				CLANG_WARN_OBJC_ROOT_CLASS = YES_ERROR;
				CLANG_WARN_QUOTED_INCLUDE_IN_FRAMEWORK_HEADER = YES;
				CLANG_WARN_RANGE_LOOP_ANALYSIS = YES;
				CLANG_WARN_STRICT_PROTOTYPES = YES;
				CLANG_WARN_SUSPICIOUS_MOVE = YES;
				CLANG_WARN_UNGUARDED_AVAILABILITY = YES_AGGRESSIVE;
				CLANG_WARN_UNREACHABLE_CODE = YES;
				CLANG_WARN__DUPLICATE_METHOD_MATCH = YES;
				COPY_PHASE_STRIP = NO;
				DEBUG_INFORMATION_FORMAT = "dwarf-with-dsym";
				ENABLE_NS_ASSERTIONS = NO;
				ENABLE_STRICT_OBJC_MSGSEND = YES;
				GCC_C_LANGUAGE_STANDARD = gnu11;
				GCC_NO_COMMON_BLOCKS = YES;
				GCC_WARN_64_TO_32_BIT_CONVERSION = YES;
				GCC_WARN_ABOUT_RETURN_TYPE = YES_ERROR;
				GCC_WARN_UNDECLARED_SELECTOR = YES;
				GCC_WARN_UNINITIALIZED_AUTOS = YES_AGGRESSIVE;
				GCC_WARN_UNUSED_FUNCTION = YES;
				GCC_WARN_UNUSED_VARIABLE = YES;
				IPHONEOS_DEPLOYMENT_TARGET = 15.5;
				MTL_ENABLE_DEBUG_INFO = NO;
				MTL_FAST_MATH = YES;
				SDKROOT = iphoneos;
				SWIFT_COMPILATION_MODE = wholemodule;
				SWIFT_OPTIMIZATION_LEVEL = "-O";
				VALIDATE_PRODUCT = YES;
			};
			name = Release;
		};
		0BB7748829233FDA001F30C6 /* Debug */ = {
			isa = XCBuildConfiguration;
			baseConfigurationReference = 86D8571FD17C4B76FD733A97 /* Pods-RecipeApp.debug.xcconfig */;
			buildSettings = {
				ASSETCATALOG_COMPILER_APPICON_NAME = AppIcon;
				ASSETCATALOG_COMPILER_GLOBAL_ACCENT_COLOR_NAME = AccentColor;
				CODE_SIGN_STYLE = Automatic;
				CURRENT_PROJECT_VERSION = 1;
				DEVELOPMENT_TEAM = V783683H2W;
				GENERATE_INFOPLIST_FILE = YES;
				INFOPLIST_FILE = RecipeApp/Info.plist;
				INFOPLIST_KEY_UIApplicationSupportsIndirectInputEvents = YES;
				INFOPLIST_KEY_UILaunchStoryboardName = LaunchScreen;
				INFOPLIST_KEY_UISupportedInterfaceOrientations_iPad = "UIInterfaceOrientationPortrait UIInterfaceOrientationPortraitUpsideDown UIInterfaceOrientationLandscapeLeft UIInterfaceOrientationLandscapeRight";
				INFOPLIST_KEY_UISupportedInterfaceOrientations_iPhone = "UIInterfaceOrientationPortrait UIInterfaceOrientationLandscapeLeft UIInterfaceOrientationLandscapeRight";
				LD_RUNPATH_SEARCH_PATHS = (
					"$(inherited)",
					"@executable_path/Frameworks",
				);
				MARKETING_VERSION = 1.0;
				PRODUCT_BUNDLE_IDENTIFIER = AblProduction.RecipeApp;
				PRODUCT_NAME = "$(TARGET_NAME)";
				SWIFT_EMIT_LOC_STRINGS = YES;
				SWIFT_VERSION = 5.0;
				TARGETED_DEVICE_FAMILY = "1,2";
			};
			name = Debug;
		};
		0BB7748929233FDA001F30C6 /* Release */ = {
			isa = XCBuildConfiguration;
			baseConfigurationReference = 16C1F0906411488EB95C252F /* Pods-RecipeApp.release.xcconfig */;
			buildSettings = {
				ASSETCATALOG_COMPILER_APPICON_NAME = AppIcon;
				ASSETCATALOG_COMPILER_GLOBAL_ACCENT_COLOR_NAME = AccentColor;
				CODE_SIGN_STYLE = Automatic;
				CURRENT_PROJECT_VERSION = 1;
				DEVELOPMENT_TEAM = V783683H2W;
				GENERATE_INFOPLIST_FILE = YES;
				INFOPLIST_FILE = RecipeApp/Info.plist;
				INFOPLIST_KEY_UIApplicationSupportsIndirectInputEvents = YES;
				INFOPLIST_KEY_UILaunchStoryboardName = LaunchScreen;
				INFOPLIST_KEY_UISupportedInterfaceOrientations_iPad = "UIInterfaceOrientationPortrait UIInterfaceOrientationPortraitUpsideDown UIInterfaceOrientationLandscapeLeft UIInterfaceOrientationLandscapeRight";
				INFOPLIST_KEY_UISupportedInterfaceOrientations_iPhone = "UIInterfaceOrientationPortrait UIInterfaceOrientationLandscapeLeft UIInterfaceOrientationLandscapeRight";
				LD_RUNPATH_SEARCH_PATHS = (
					"$(inherited)",
					"@executable_path/Frameworks",
				);
				MARKETING_VERSION = 1.0;
				PRODUCT_BUNDLE_IDENTIFIER = AblProduction.RecipeApp;
				PRODUCT_NAME = "$(TARGET_NAME)";
				SWIFT_EMIT_LOC_STRINGS = YES;
				SWIFT_VERSION = 5.0;
				TARGETED_DEVICE_FAMILY = "1,2";
			};
			name = Release;
		};
/* End XCBuildConfiguration section */

/* Begin XCConfigurationList section */
		0BB7746B29233FD9001F30C6 /* Build configuration list for PBXProject "RecipeApp" */ = {
			isa = XCConfigurationList;
			buildConfigurations = (
				0BB7748529233FDA001F30C6 /* Debug */,
				0BB7748629233FDA001F30C6 /* Release */,
			);
			defaultConfigurationIsVisible = 0;
			defaultConfigurationName = Release;
		};
		0BB7748729233FDA001F30C6 /* Build configuration list for PBXNativeTarget "RecipeApp" */ = {
			isa = XCConfigurationList;
			buildConfigurations = (
				0BB7748829233FDA001F30C6 /* Debug */,
				0BB7748929233FDA001F30C6 /* Release */,
			);
			defaultConfigurationIsVisible = 0;
			defaultConfigurationName = Release;
		};
/* End XCConfigurationList section */

/* Begin XCVersionGroup section */
		0BB7747C29233FD9001F30C6 /* RecipeApp.xcdatamodeld */ = {
			isa = XCVersionGroup;
			children = (
				0BB7747D29233FD9001F30C6 /* RecipeApp.xcdatamodel */,
			);
			currentVersion = 0BB7747D29233FD9001F30C6 /* RecipeApp.xcdatamodel */;
			path = RecipeApp.xcdatamodeld;
			sourceTree = "<group>";
			versionGroupType = wrapper.xcdatamodel;
		};
/* End XCVersionGroup section */
	};
	rootObject = 0BB7746829233FD9001F30C6 /* Project object */;
}
